{
    "_readme": [
        "This file locks the dependencies of your project to a known state",
        "Read more about it at https://getcomposer.org/doc/01-basic-usage.md#installing-dependencies",
        "This file is @generated automatically"
    ],
    "content-hash": "81b3a8e620ab0efb6ed4bffd419c467b",
    "packages": [
        {
            "name": "lcobucci/clock",
            "version": "1.2.0",
            "source": {
                "type": "git",
                "url": "https://github.com/lcobucci/clock.git",
                "reference": "13fda71158032b805cb9c8c7544e6c99019dc267"
            },
            "dist": {
                "type": "zip",
                "url": "https://api.github.com/repos/lcobucci/clock/zipball/13fda71158032b805cb9c8c7544e6c99019dc267",
                "reference": "13fda71158032b805cb9c8c7544e6c99019dc267",
                "shasum": ""
            },
            "require": {
                "php": "^7.2"
            },
            "require-dev": {
                "infection/infection": "^0.10",
                "lcobucci/coding-standard": "^1.0",
                "phpstan/phpstan": "^0.10",
                "phpstan/phpstan-deprecation-rules": "^0.10",
                "phpstan/phpstan-phpunit": "^0.10",
                "phpstan/phpstan-strict-rules": "^0.10",
                "phpunit/phpunit": "^7.3"
            },
            "type": "library",
            "extra": {
                "branch-alias": {
                    "dev-master": "1.2-dev"
                }
            },
            "autoload": {
                "psr-4": {
                    "Lcobucci\\Clock\\": "src"
                }
            },
            "notification-url": "https://packagist.org/downloads/",
            "license": [
                "MIT"
            ],
            "authors": [
                {
                    "name": "Luís Cobucci",
                    "email": "lcobucci@gmail.com"
                }
            ],
            "description": "Yet another clock abstraction",
            "time": "2018-08-12T16:47:48+00:00"
        },
        {
            "name": "lcobucci/jose-parsing",
            "version": "2.2.0",
            "source": {
                "type": "git",
                "url": "https://github.com/lcobucci/jose-parsing.git",
                "reference": "ea0eaed79c3a5ca9ece3f824ecfe1e798fd1e1f4"
            },
            "dist": {
                "type": "zip",
                "url": "https://api.github.com/repos/lcobucci/jose-parsing/zipball/ea0eaed79c3a5ca9ece3f824ecfe1e798fd1e1f4",
                "reference": "ea0eaed79c3a5ca9ece3f824ecfe1e798fd1e1f4",
                "shasum": ""
            },
            "require": {
                "php": "^7.1"
            },
            "require-dev": {
                "phpmd/phpmd": "^2.3",
                "phpunit/phpunit": "^6.0",
                "squizlabs/php_codesniffer": "^2.3"
            },
            "type": "library",
            "extra": {
                "branch-alias": {
                    "dev-master": "2.2-dev"
                }
            },
            "autoload": {
                "psr-4": {
                    "Lcobucci\\Jose\\Parsing\\": "src"
                }
            },
            "notification-url": "https://packagist.org/downloads/",
            "license": [
                "BSD-3-Clause"
            ],
            "authors": [
                {
                    "name": "Luís Otávio Cobucci Oblonczyk",
                    "email": "lcobucci@gmail.com",
                    "role": "Developer"
                }
            ],
            "description": "A basic Base64Url and JSON encoding/decoding implementation",
            "keywords": [
                "JOSE",
                "base64url"
            ],
            "time": "2017-02-12T22:14:17+00:00"
        },
        {
            "name": "lcobucci/jwt",
            "version": "3.3.1",
            "source": {
                "type": "git",
                "url": "https://github.com/lcobucci/jwt.git",
                "reference": "a11ec5f4b4d75d1fcd04e133dede4c317aac9e18"
            },
            "dist": {
                "type": "zip",
                "url": "https://api.github.com/repos/lcobucci/jwt/zipball/a11ec5f4b4d75d1fcd04e133dede4c317aac9e18",
                "reference": "a11ec5f4b4d75d1fcd04e133dede4c317aac9e18",
                "shasum": ""
            },
            "require": {
                "ext-mbstring": "*",
                "ext-openssl": "*",
                "php": "^5.6 || ^7.0"
            },
            "require-dev": {
                "mikey179/vfsstream": "~1.5",
                "phpmd/phpmd": "~2.2",
                "phpunit/php-invoker": "~1.1",
                "phpunit/phpunit": "^5.7 || ^7.3",
                "squizlabs/php_codesniffer": "~2.3"
            },
            "type": "library",
            "extra": {
                "branch-alias": {
                    "dev-master": "3.1-dev"
                }
            },
            "autoload": {
                "psr-4": {
                    "Lcobucci\\JWT\\": "src"
                }
            },
            "notification-url": "https://packagist.org/downloads/",
            "license": [
                "BSD-3-Clause"
            ],
            "authors": [
                {
                    "name": "Luís Otávio Cobucci Oblonczyk",
                    "email": "lcobucci@gmail.com",
                    "role": "Developer"
                }
            ],
            "description": "A simple library to work with JSON Web Token and JSON Web Signature",
            "keywords": [
                "JWS",
                "jwt"
            ],
            "time": "2019-05-24T18:30:49+00:00"
        }
    ],
    "packages-dev": [],
    "aliases": [],
    "minimum-stability": "stable",
    "stability-flags": [],
    "prefer-stable": false,
    "prefer-lowest": false,
    "platform": [],
    "platform-dev": []
}
